
Microsoft Visual Studio Solution File, Format Version 12.00
# Visual Studio Version 16
VisualStudioVersion = 25.0.1706.6
MinimumVisualStudioVersion = 10.0.40219.1
Project("{FAE04EC0-301F-11D3-BF4B-00C04F79EFBC}") = "SampleGetApi", "SampleGetApi\SampleGetApi.csproj", "{F1FC7CD2-4B07-4ABD-8579-F5EFB46A738E}"
EndProject
Project("{2150E333-8FDC-42A3-9474-1A3956D46DE8}") = "Solution Items", "Solution Items", "{EF3C9642-CDE8-4E95-9AFB-D983847A4A82}"
	ProjectSection(SolutionItems) = preProject
		.editorconfig = .editorconfig
	EndProjectSection
EndProject
Global
	GlobalSection(SolutionConfigurationPlatforms) = preSolution
		Debug|Any CPU = Debug|Any CPU
		Release|Any CPU = Release|Any CPU
	EndGlobalSection
	GlobalSection(ProjectConfigurationPlatforms) = postSolution
		{F1FC7CD2-4B07-4ABD-8579-F5EFB46A738E}.Debug|Any CPU.ActiveCfg = Debug|Any CPU
		{F1FC7CD2-4B07-4ABD-8579-F5EFB46A738E}.Debug|Any CPU.Build.0 = Debug|Any CPU
		{F1FC7CD2-4B07-4ABD-8579-F5EFB46A738E}.Release|Any CPU.ActiveCfg = Release|Any CPU
		{F1FC7CD2-4B07-4ABD-8579-F5EFB46A738E}.Release|Any CPU.Build.0 = Release|Any CPU
	EndGlobalSection
	GlobalSection(SolutionProperties) = preSolution
		HideSolutionNode = FALSE
	EndGlobalSection
	GlobalSection(ExtensibilityGlobals) = postSolution
		SolutionGuid = {82622EEE-FB5F-4B7C-97EC-3750C15FAEE4}
	EndGlobalSection
EndGlobal
