
Microsoft Visual Studio Solution File, Format Version 12.00
# Visual Studio Version 17
VisualStudioVersion = 17.5.002.0
MinimumVisualStudioVersion = 10.0.40219.1
Project("{9A19103F-16F7-4668-BE54-9A1E7A4F7556}") = "SampleGetApi", "SampleGetApi.csproj", "{BE8E8F66-2BD9-4538-BC0B-10DAC8D3427C}"
EndProject
Global
	GlobalSection(SolutionConfigurationPlatforms) = preSolution
		Debug|Any CPU = Debug|Any CPU
		Release|Any CPU = Release|Any CPU
	EndGlobalSection
	GlobalSection(ProjectConfigurationPlatforms) = postSolution
		{BE8E8F66-2BD9-4538-BC0B-10DAC8D3427C}.Debug|Any CPU.ActiveCfg = Debug|Any CPU
		{BE8E8F66-2BD9-4538-BC0B-10DAC8D3427C}.Debug|Any CPU.Build.0 = Debug|Any CPU
		{BE8E8F66-2BD9-4538-BC0B-10DAC8D3427C}.Release|Any CPU.ActiveCfg = Release|Any CPU
		{BE8E8F66-2BD9-4538-BC0B-10DAC8D3427C}.Release|Any CPU.Build.0 = Release|Any CPU
	EndGlobalSection
	GlobalSection(SolutionProperties) = preSolution
		HideSolutionNode = FALSE
	EndGlobalSection
	GlobalSection(ExtensibilityGlobals) = postSolution
		SolutionGuid = {08CC2709-7561-4DAF-B715-90F58EAEA6C3}
	EndGlobalSection
EndGlobal
